
Microsoft Visual Studio Solution File, Format Version 12.00
# Visual Studio 2015
Project("{FAE04EC0-301F-11D3-BF4B-00C04F79EFBC}") = "Altaire Tower Defense.Plugins", "Altaire Tower Defense.Plugins.csproj", "{DE89175B-FE96-916C-FA6E-C6F496B1A48F}"
EndProject
Project("{FAE04EC0-301F-11D3-BF4B-00C04F79EFBC}") = "Altaire Tower Defense.Editor.Plugins", "Altaire Tower Defense.Editor.Plugins.csproj", "{61D6B3D7-5C25-4CCB-1CF6-D17B962041B4}"
EndProject
Global
	GlobalSection(SolutionConfigurationPlatforms) = preSolution
		Debug|Any CPU = Debug|Any CPU
		Release|Any CPU = Release|Any CPU
	EndGlobalSection
	GlobalSection(ProjectConfigurationPlatforms) = postSolution
		{DE89175B-FE96-916C-FA6E-C6F496B1A48F}.Debug|Any CPU.ActiveCfg = Debug|Any CPU
		{DE89175B-FE96-916C-FA6E-C6F496B1A48F}.Debug|Any CPU.Build.0 = Debug|Any CPU
		{DE89175B-FE96-916C-FA6E-C6F496B1A48F}.Release|Any CPU.ActiveCfg = Release|Any CPU
		{DE89175B-FE96-916C-FA6E-C6F496B1A48F}.Release|Any CPU.Build.0 = Release|Any CPU
		{61D6B3D7-5C25-4CCB-1CF6-D17B962041B4}.Debug|Any CPU.ActiveCfg = Debug|Any CPU
		{61D6B3D7-5C25-4CCB-1CF6-D17B962041B4}.Debug|Any CPU.Build.0 = Debug|Any CPU
		{61D6B3D7-5C25-4CCB-1CF6-D17B962041B4}.Release|Any CPU.ActiveCfg = Release|Any CPU
		{61D6B3D7-5C25-4CCB-1CF6-D17B962041B4}.Release|Any CPU.Build.0 = Release|Any CPU
	EndGlobalSection
	GlobalSection(SolutionProperties) = preSolution
		HideSolutionNode = FALSE
	EndGlobalSection
EndGlobal
